github.com/aws/aws-sdk-go v1.38.12 h1:khtODkUna3iF53Cg3dCF4e6oWgrAEbZDU4x1aq+G0WY=
github.com/aws/aws-sdk-go v1.38.12/go.mod h1:hcU610XS61/+aQV88ixoOzUoG7v3b31pl2zKMmprdro=
github.com/aws/aws-sdk-go-v2 v1.3.0 h1:2B/SbB1oOJe8RSl/TIgE11BDE4sX7Z+JupLxTdA2Rjs=
github.com/aws/aws-sdk-go-v2 v1.3.0/go.mod h1:hTQc/9pYq5bfFACIUY9tc/2SYWd9Vnmw+testmuQeRY=
github.com/aws/aws-sdk-go-v2 v1.3.1 h1:KKstwh6zsuUhQH3GvSor7M3am/+imPqydFOZHzlkTKc=
github.com/aws/aws-sdk-go-v2 v1.3.1/go.mod h1:5SmWRTjN6uTRFNCc7rR69xHsdcUJnthmaRHGDsYhpTE=
github.com/aws/aws-sdk-go-v2/config v1.1.3 h1:pYDr4DTr0w4GfweXhX2ns1ZGyH46nLP/ZeQQodl1s68=
github.com/aws/aws-sdk-go-v2/config v1.1.3/go.mod h1:yf3tNRNqZKlylefSdp5R3v+sm1el90fhUTcSa/t69Ro=
github.com/aws/aws-sdk-go-v2/config v1.1.4 h1:2hjdDldmJJjb+rFieQySfOFt4WwxKZJVTEB6RBI74T4=
github.com/aws/aws-sdk-go-v2/config v1.1.4/go.mod h1:op05ummoVoAqctpA80jVt/+hvEtLfuKmDyx0bIuvfbE=
github.com/aws/aws-sdk-go-v2/credentials v1.1.3 h1:Q0S5OPP4l9kWrmPNK500pdQhg81x4E3UpvugYG5Wilc=
github.com/aws/aws-sdk-go-v2/credentials v1.1.3/go.mod h1:afuzRuLhPEe08fePFh4gI9jnHuXd8AJDCYZNo3rKRKE=
github.com/aws/aws-sdk-go-v2/credentials v1.1.4 h1:whYYw2srG+zUQzUw4LhML83f+xd22Vm7gv0I7aJglc8=
github.com/aws/aws-sdk-go-v2/credentials v1.1.4/go.mod h1:UQwsT2w2XelrWoVV2v/zL2uce1RxmVCiHaZsoKLamZg=
github.com/aws/aws-sdk-go-v2/feature/ec2/imds v1.0.4 h1:V7DByJMo5kq31ZiyQMmjihjexftM1oJ6luRs09M5/Uc=
github.com/aws/aws-sdk-go-v2/feature/ec2/imds v1.0.4/go.mod h1:BDw1ukadBHn//M/n7LqpEgimGS0QtiJePnygMsbuYMs=
github.com/aws/aws-sdk-go-v2/feature/ec2/imds v1.0.5 h1:5gCrezE41xYQHWDsDkJD9nT22tUH3s+Zrvs4c3v2FGc=
github.com/aws/aws-sdk-go-v2/feature/ec2/imds v1.0.5/go.mod h1:z/NKNlYxMzphl7TzjV+ctUebHF4CFNGGlSvmV/NKcJU=
github.com/aws/aws-sdk-go-v2/service/acm v1.2.1 h1:s3Yka4ZE67lTTbSG7ZXlgwIjC122RkG6okTcrEbCBBY=
github.com/aws/aws-sdk-go-v2/service/acm v1.2.1/go.mod h1:X6p3MQnaIMOJ6+A1D7OfW3WKt7rJzgZzSeVkua6lZrg=
github.com/aws/aws-sdk-go-v2/service/amplify v1.1.4 h1:d21f/W8RxL/Yz1e2OS88rnZYSRkul1wLrVPNFaFEM4k=
github.com/aws/aws-sdk-go-v2/service/amplify v1.1.4/go.mod h1:uP/CKdW9vN23rotFkqOWVMqBMIbsiP4y+Cv4qrP0JIk=
github.com/aws/aws-sdk-go-v2/service/apigateway v1.2.1 h1:2kxNxcT9QVSckqagWevdNOAOCOAmGHsCbkowF6Rmur8=
github.com/aws/aws-sdk-go-v2/service/apigateway v1.2.1/go.mod h1:4fO3jaFTaz/8ygZBVNSk4NSdAwcc/NZ++HUrG9kpJ0I=
github.com/aws/aws-sdk-go-v2/service/appmesh v1.2.1 h1:RpnzchLbHfAG3F8G+j2OVrERwNTT8TOH9sb5uLzXDW4=
github.com/aws/aws-sdk-go-v2/service/appmesh v1.2.1/go.mod h1:cQOQSZW8CH7cOUTCeo8pAYfYPom+1UCK4rphIloopSo=
github.com/aws/aws-sdk-go-v2/service/appsync v1.2.1 h1:qHxx2jl6nI6Sn5fuXtBQVWbhaG+fErDAB47BHm+Kw1A=
github.com/aws/aws-sdk-go-v2/service/appsync v1.2.1/go.mod h1:JkdNL71yKS0qmF+dFJJzxf1WJZWFGIhTepXHaxtKipE=
github.com/aws/aws-sdk-go-v2/service/athena v1.2.1 h1:XD0aqHoCSgpuSDu84nwZu9KCh9sHR/Cg69M0gwuqzGw=
github.com/aws/aws-sdk-go-v2/service/athena v1.2.1/go.mod h1:jjOo+l6LE5oN7q8azjtP2rTrulron6NbfAyILN8oMjc=
github.com/aws/aws-sdk-go-v2/service/autoscaling v1.2.1 h1:imL02JGNApN3z+9u/meTDeZF37QfpqRmrDnGghGNFvY=
github.com/aws/aws-sdk-go-v2/service/autoscaling v1.2.1/go.mod h1:bOqVTdQoE8zqisF2vwsiZxZLxLDCOjOvfFohzXsJ/vE=
github.com/aws/aws-sdk-go-v2/service/backup v1.2.1 h1:cCN4he7bn68I/T7oz1F9K11ftK3kiJmPu/BbUcRwIoc=
github.com/aws/aws-sdk-go-v2/service/backup v1.2.1/go.mod h1:hVEBC/NoLAspOWSrArd8LjMlftDO/al+OVaTMkFQowU=
github.com/aws/aws-sdk-go-v2/service/batch v1.3.0 h1:/9zSt4IetfWO73+FUfQ2rLZiDdX8ccIACTa5X/bT2Bk=
github.com/aws/aws-sdk-go-v2/service/batch v1.3.0/go.mod h1:5Gw4d9mNqTMaRjDTL4AjO94q0pBTel9ki3ZPEHNdE7w=
github.com/aws/aws-sdk-go-v2/service/chime v1.2.1 h1:ln4Z3mlipA/uNlNjVKITL22Uj50DtQpTRwDjn6qi7+s=
github.com/aws/aws-sdk-go-v2/service/chime v1.2.1/go.mod h1:/vaJEMhB3THhvMWqFL0rxci3em7OHwvMLXaP+Hf9W9I=
github.com/aws/aws-sdk-go-v2/service/cloud9 v1.2.0 h1:FURCj1vAxCnGKxncV5PzdD3YiCqLHH6vRCRnJxC4zT0=
github.com/aws/aws-sdk-go-v2/service/cloud9 v1.2.0/go.mod h1:d6SajoAO+exx0kSwdppv62Mcb6uJrn+jXrYAc4LKEdc=
github.com/aws/aws-sdk-go-v2/service/clouddirectory v1.1.4 h1:Z1qFfM6iXdVLEVBBpPzp+gw83OL/FEilIFsZJeBcZKc=
github.com/aws/aws-sdk-go-v2/service/clouddirectory v1.1.4/go.mod h1:hJ1yjEToIuIll/wTCFcP57gfm8hi7hn8K5WWwAExqNQ=
github.com/aws/aws-sdk-go-v2/service/cloudformation v1.3.0 h1:+eHZIcEQ7jMuAAWL9uS9RfQz8ElLcRksWqXSIQ7essE=
github.com/aws/aws-sdk-go-v2/service/cloudformation v1.3.0/go.mod h1:9PLAEZCkzDVh+/fq7OwOloe/RqSpqwes2x+ozcRyloM=
github.com/aws/aws-sdk-go-v2/service/cloudfront v1.2.1 h1:7Zh+ShMr7awq0s76kwca8efPiWOZaWV5267fa6avwOQ=
github.com/aws/aws-sdk-go-v2/service/cloudfront v1.2.1/go.mod h1:AlMkBlBn/pyqVYIDcHRkf2FQRm9q0czFdMOMn1SV8oQ=
github.com/aws/aws-sdk-go-v2/service/cloudhsm v1.1.4 h1:Bh3H42m11h4hmP6cU5FwWqwtSBiDfVNR1G1fKcdW2/Y=
github.com/aws/aws-sdk-go-v2/service/cloudhsm v1.1.4/go.mod h1:BYRMrC1HLkmxZL/EpzLgxN1khdTq5vi5hwhd4gtNJ7M=
github.com/aws/aws-sdk-go-v2/service/cloudhsmv2 v1.1.4 h1:j+WXsiwkQ+Cd9Zg3W+1q0zqqtSeRZXKtAb66ZmDBMBg=
github.com/aws/aws-sdk-go-v2/service/cloudhsmv2 v1.1.4/go.mod h1:D43F9iOEVNFNdj6LB2yTupIBVlM0rRLoqBX23ej2f1s=
github.com/aws/aws-sdk-go-v2/service/cloudsearch v1.2.1 h1:eR/LzGaBQBOSyfxayScGb626gl3nuhbkuFI/l4EBvLc=
github.com/aws/aws-sdk-go-v2/service/cloudsearch v1.2.1/go.mod h1:WVKx1eczQAhH4ZR+qOvUMb7OC6AWGr68sSjZV12SBQE=
github.com/aws/aws-sdk-go-v2/service/cloudtrail v1.2.1 h1:egAyiJ8xpfed+I+8t+71OxyNr4Vbw1xRA+9EjSu15tU=
github.com/aws/aws-sdk-go-v2/service/cloudtrail v1.2.1/go.mod h1:GtzMwrY6i7/RXMKBZAMXyXFmZ1UHxtxDeIiUO3lBXRI=
github.com/aws/aws-sdk-go-v2/service/codebuild v1.2.1 h1:Kn8KgAStqC7/FMP927qsWUUQJH9gw/ubKTuMqyKUpds=
github.com/aws/aws-sdk-go-v2/service/codebuild v1.2.1/go.mod h1:n5wJZmnZAZxSQDf7CnNpyTCOP9cjTGsmH1xkCs8Giy4=
github.com/aws/aws-sdk-go-v2/service/codecommit v1.1.4 h1:ltl1WkdER+wf0ZsWTI1OUEvnULxL0aV7J8jb/4luguk=
github.com/aws/aws-sdk-go-v2/service/codecommit v1.1.4/go.mod h1:yodSutg2dlBEXshEJtcJZVANNw6Tvv9bN1yuwV9Zh4U=
github.com/aws/aws-sdk-go-v2/service/codedeploy v1.2.1 h1:WEqfKQLKriwX7BQyUXfJzK/gO6wMelZxtwOHD2cyjeg=
github.com/aws/aws-sdk-go-v2/service/codedeploy v1.2.1/go.mod h1:yLCnpa5QV9tRDM7Hl+2sMgOsL1+Od9L/i9EmRUxBK5s=
github.com/aws/aws-sdk-go-v2/service/codepipeline v1.2.1 h1:rFLNwNLEB+1wvueAOwTmuGS2WM4tc4Ly9vidfA6642Q=
github.com/aws/aws-sdk-go-v2/service/codepipeline v1.2.1/go.mod h1:FQdcXAJhwsXv9IqpIQYw4FjpTtdUv/CMjQ/C54HuyIs=
github.com/aws/aws-sdk-go-v2/service/codestar v1.1.4 h1:gjt45Qn4SCZhgFKXEaTvAuEvULUcqVHUpI4yuXPriVw=
github.com/aws/aws-sdk-go-v2/service/codestar v1.1.4/go.mod h1:yyBLLFKa5xOhuYlme5nF3rM2blBkzAij1I1LpGeLWlU=
github.com/aws/aws-sdk-go-v2/service/comprehend v1.3.0 h1:96FoGwdIZFHPHM2M6ANelkkJ4rKOI2B8XLOzC0w/9qk=
github.com/aws/aws-sdk-go-v2/service/comprehend v1.3.0/go.mod h1:Tz85be6bzbfacIAf3ta3XMsZYCr3QgUcIdVsiVTbqwM=
github.com/aws/aws-sdk-go-v2/service/datapipeline v1.2.0 h1:bA6MWMDhG3aJnI4IYiZWf9FJ4mQVzC2gaLK4w4lhVMw=
github.com/aws/aws-sdk-go-v2/service/datapipeline v1.2.0/go.mod h1:jQbGvJZEGS5zgzwiEeNqCaDaQeF0/ulJXeX8SCd8kaI=
github.com/aws/aws-sdk-go-v2/service/datasync v1.2.1 h1:cYaRrIfDZODhx048sw8x9EHuFcwTFu/Vv3nuTfXEJd0=
github.com/aws/aws-sdk-go-v2/service/datasync v1.2.1/go.mod h1:AH/WS//GIxzogIX4V87u+XVLqKwZs2xh5G4Qj5tkhlA=
github.com/aws/aws-sdk-go-v2/service/dax v1.1.4 h1:1oGLDaB86Fm/hEKoBua7X0uqgBF3SN23fTQ86T2hxMw=
github.com/aws/aws-sdk-go-v2/service/dax v1.1.4/go.mod h1:1aw2PkqYt6DjSwxYn0VesXvURmespl/LQnjl9NjMSD4=
github.com/aws/aws-sdk-go-v2/service/devicefarm v1.1.4 h1:1AZhsSXUE+Cbc7UsaeHQtMSN4XOKWaub/RWdDrF3Q8A=
github.com/aws/aws-sdk-go-v2/service/devicefarm v1.1.4/go.mod h1:c4WI4cPN3dWLm3rW0hU8uzNZs95u/FAlHt2myHR2TXQ=
github.com/aws/aws-sdk-go-v2/service/directconnect v1.3.0 h1:8bTPEWxo2cEGbzjEFSnjtTXGmQxpTDrVmRE/+HLyW6Y=
github.com/aws/aws-sdk-go-v2/service/directconnect v1.3.0/go.mod h1:adMqvI6e3E37yy6ZN8gsKGEZvA7XcryYnjSvo/4pL0s=
github.com/aws/aws-sdk-go-v2/service/dlm v1.2.1 h1:I1l8c6sdXcnIVpEaBPHvmfn3PHlAmKzc/Xu6jiKeljc=
github.com/aws/aws-sdk-go-v2/service/dlm v1.2.1/go.mod h1:Qua62VBXOJr8d6nLu5yAqmJFD/XWkCL3vpAWRv5nzUs=
github.com/aws/aws-sdk-go-v2/service/dynamodb v1.2.1 h1:NnYXRukLvkiTnNyZHCCQcZaoWJSeE5Y7tCVPgvTyWfw=
github.com/aws/aws-sdk-go-v2/service/dynamodb v1.2.1/go.mod h1:WqAbIrpO0PSa3AIDxMG12aPPN4D1u99rOFdEfSM/KgY=
github.com/aws/aws-sdk-go-v2/service/ec2 v1.3.0 h1:y82WbYudKuiWx0KuKQheqTQ4RIF8ZHoHvS/rD8HCYCc=
github.com/aws/aws-sdk-go-v2/service/ec2 v1.3.0/go.mod h1:KW2/Fgs+L1m1X53O9hTFpJqPtLyYGbf9j1Ay5xPSy74=
github.com/aws/aws-sdk-go-v2/service/ecr v1.2.1 h1:rdvoJaE51N1tuNc2B75vNsZu2P0xV6y7ibOAwNeb1mI=
github.com/aws/aws-sdk-go-v2/service/ecr v1.2.1/go.mod h1:iuqVazSEO7GWaX6WYrVWCVECL3ixXwhL6Q6RF4V2Db0=
github.com/aws/aws-sdk-go-v2/service/ecs v1.2.1 h1:T8CKZFKySyOivXUc/80qlvNqvX9MQvvRCxFQCL6xxQU=
github.com/aws/aws-sdk-go-v2/service/ecs v1.2.1/go.mod h1:7gzy9DNs3NWZnxJcV61X0EjhLzDuZm8uUA+moRIoiKs=
github.com/aws/aws-sdk-go-v2/service/eks v1.2.1 h1:eNSGiZZKcrjT1/UlxOSL/v1gjR5bePJk4xMdGBZXd1o=
github.com/aws/aws-sdk-go-v2/service/eks v1.2.1/go.mod h1:XGNXr+eBGsXebPMHCHHJEaOWaenvyybnUU+dsdKpDXg=
github.com/aws/aws-sdk-go-v2/service/elasticache v1.2.1 h1:r2GU9mRLlZtKNQiB8A6LeKMlxG0BK/LXU+86uv3zUos=
github.com/aws/aws-sdk-go-v2/service/elasticache v1.2.1/go.mod h1:H/CnUlHdpSJ6bi4PTZn7H046nY+OF0O1ItZGpOHbZ1s=
github.com/aws/aws-sdk-go-v2/service/elasticbeanstalk v1.2.1 h1:ngD2ETQ+bmpE9dXIwpovAKfEqhK0SODf0EQDMY7qkMA=
github.com/aws/aws-sdk-go-v2/service/elasticbeanstalk v1.2.1/go.mod h1:h2ETsoGWjnQFCsd5aYeg6+sf/HqLo7Qr7OKjSe4Axs4=
github.com/aws/aws-sdk-go-v2/service/elasticloadbalancing v1.2.1 h1:jN/we+fXuZeye2ZIPAGCI8xV6MT/JiT1JnpRUgkmG2M=
github.com/aws/aws-sdk-go-v2/service/elasticloadbalancing v1.2.1/go.mod h1:2J/pAuvfB8TQHdrbVX3t4Udjv6Cd2JohqGnoMZHKhe0=
github.com/aws/aws-sdk-go-v2/service/elastictranscoder v1.2.1 h1:ksGPqwdxRzwSK1H3O4z4jrDbhFnsap0HvmJNK0dzdEc=
github.com/aws/aws-sdk-go-v2/service/elastictranscoder v1.2.1/go.mod h1:yamuBOz26zfLo7FiZekizZDkmGE7MGFtLGMlbHFL0Zg=
github.com/aws/aws-sdk-go-v2/service/firehose v1.2.1 h1:XG4P2vpReYdY920Pf0pze6O7h7SFUkyIRVNYHNWtA2Y=
github.com/aws/aws-sdk-go-v2/service/firehose v1.2.1/go.mod h1:Zt1lhxCqEWgjYOtpQp1zNg+KGz5GBrJ3Kh2CY3tuAM0=
github.com/aws/aws-sdk-go-v2/service/fms v1.2.1 h1:GQOo8orIydwBSZSH93Z2gHlVTjkjen5KT6OW0gJKnnQ=
github.com/aws/aws-sdk-go-v2/service/fms v1.2.1/go.mod h1:uclej6lMNDMjuaxyTQ1EvhVtpuFwuRxhpwMgnC8zQXQ=
github.com/aws/aws-sdk-go-v2/service/fsx v1.2.1 h1:LGYEQ4uhlvWadzJybVEpQ1mpMZqL3z1X/tGMA2xQzAw=
github.com/aws/aws-sdk-go-v2/service/fsx v1.2.1/go.mod h1:FYDI4zfy5zJuBdZZGj0YoqNW/OcrC6GcyagOTL77+Cs=
github.com/aws/aws-sdk-go-v2/service/gamelift v1.3.0 h1:TvqEAgeFUnjagxouUM9dgIsLMIhDPw59lfUsLFidiqo=
github.com/aws/aws-sdk-go-v2/service/gamelift v1.3.0/go.mod h1:W3FA4iUkDo0BUfuKxTd1AVBvBR1Yh8GaO8t+8HsCrDw=
github.com/aws/aws-sdk-go-v2/service/globalaccelerator v1.2.1 h1:V7i9hzGjSpt5trBJ/0nYkW5PFEZ4LlFNL4+z7IZEF2I=
github.com/aws/aws-sdk-go-v2/service/globalaccelerator v1.2.1/go.mod h1:37faQqNVhuM0Ief52pRe0bDgZPZok7pArmVHr4t2DBg=
github.com/aws/aws-sdk-go-v2/service/glue v1.3.0 h1:xnSuV0C7FGfe9+/GJ/2KOTFD3WMXtLdk8gZzxuuuIRM=
github.com/aws/aws-sdk-go-v2/service/glue v1.3.0/go.mod h1:ITzMOyWhffmh06X4DxvN85ww8Ppt0uZGh8Qcty22/yQ=
github.com/aws/aws-sdk-go-v2/service/greengrass v1.3.0 h1:bLjlXQYXsQP/3r74XcKBvBHlyMTUiCQZaqU+BfQMm7Q=
github.com/aws/aws-sdk-go-v2/service/greengrass v1.3.0/go.mod h1:JEhZgFXHgR0b8CH3ud85Pe96aezh8WkDOFObK8Ng+so=
github.com/aws/aws-sdk-go-v2/service/guardduty v1.2.1 h1:ah+72txVcIrXbTymv9PQox4oHMh56330R3+CSWoGWwE=
github.com/aws/aws-sdk-go-v2/service/guardduty v1.2.1/go.mod h1:yqXMDJMiKl8LRdN84XBWVpTz7wYK37fdFMAtwC4kRsU=
github.com/aws/aws-sdk-go-v2/service/health v1.2.1 h1:AHBUqUzswSyusXQNEBQAoje95hrTcy93cE9rMPNwoBU=
github.com/aws/aws-sdk-go-v2/service/health v1.2.1/go.mod h1:Q+8sGLEYrvBTvsTOeT9QUq7eDp8SHddv47+jwP1HbRc=
github.com/aws/aws-sdk-go-v2/service/iam v1.2.0 h1:uY8XHIk4Yl1xZWhNhrM2hXsTkq5YOC8SHwk6TaRIlB0=
github.com/aws/aws-sdk-go-v2/service/iam v1.2.0/go.mod h1:4uIqdAKzvQSCQTzjIiI6m7hnv5Wc4blFKB29BkGK1VQ=
github.com/aws/aws-sdk-go-v2/service/iam v1.3.0 h1:V95YLxbxLGlTcFR0KMMSZEaudIxYCAhycSGcO7/Favs=
github.com/aws/aws-sdk-go-v2/service/iam v1.3.0/go.mod h1:gPUYT7MBEb30j9eAsJ17LN9KbXtD1uqKOOKesCC4tjc=
github.com/aws/aws-sdk-go-v2/service/inspector v1.1.4 h1:hWTtvY2tNftaWrExiGdFIoaMNyEVsu08NBQylEd348o=
github.com/aws/aws-sdk-go-v2/service/inspector v1.1.4/go.mod h1:Nc3vBGnDYupw2BEjSFqsLA9+HMKDrCHFTFRjjEtfzCU=
github.com/aws/aws-sdk-go-v2/service/internal/accept-encoding v1.0.3 h1:iLFz4nrWkXMTFeVn0n99wRyc4Xib4SlDbtAM3h2z8P8=
github.com/aws/aws-sdk-go-v2/service/internal/accept-encoding v1.0.3/go.mod h1:g3Xw4tO/W+ae4EMzkxB6nGnJ48cLM4i1Z61WmD+IKtY=
github.com/aws/aws-sdk-go-v2/service/internal/presigned-url v1.0.4 h1:DRIpujxvhdv3+xLXCoaKk1VB4vk/Sh8sIOBewLJJpes=
github.com/aws/aws-sdk-go-v2/service/internal/presigned-url v1.0.4/go.mod h1:DGOKKGeqXdIWX3xD5DKr4otrgNw5cstwUCJYwSKxbp0=
github.com/aws/aws-sdk-go-v2/service/internal/presigned-url v1.0.5 h1:GbW4bbc1iED64aIL203xcGSfLzWOWuIdnKV0guMcJvg=
github.com/aws/aws-sdk-go-v2/service/internal/presigned-url v1.0.5/go.mod h1:MW0O/RpmVpS6MWKn6W03XEJmqXlG7+d3iaYLzkd2fAc=
github.com/aws/aws-sdk-go-v2/service/internal/s3shared v1.2.1 h1:wCzfVBrF1QRQFacZn1ywE/o2p92FzfpDNI2aCpIv+sY=
github.com/aws/aws-sdk-go-v2/service/internal/s3shared v1.2.1/go.mod h1:6A0VfJAnYwhcXzt7KsixOdFlITEH5NFl4QeYxlZ5TtQ=
github.com/aws/aws-sdk-go-v2/service/iot v1.3.0 h1:2XPCAh07+oDQKF9n+VPAThvhaqUuIOCIxFa9+xHnc0s=
github.com/aws/aws-sdk-go-v2/service/iot v1.3.0/go.mod h1:jKAI1pEblx/JVQ5KxgEBnTiB0/CzQBVfIk6IQz1bJPY=
github.com/aws/aws-sdk-go-v2/service/iotanalytics v1.1.4 h1:lh9EwwgBCkiC/DGhZbA/115Q3W6YJGN19Db5a1Q7qrg=
github.com/aws/aws-sdk-go-v2/service/iotanalytics v1.1.4/go.mod h1:Lecye6agzTOBvSIg3E7Vah7JetW5LB8ttpEyeCSuX2M=
github.com/aws/aws-sdk-go-v2/service/kafka v1.2.1 h1:70IRtg4hU1mQ5aAtjEHPQR+KCeVIDwLOpvbofiSEODE=
github.com/aws/aws-sdk-go-v2/service/kafka v1.2.1/go.mod h1:2gy+VDVpxUvxQRdjpFlZNhXSjybrxnYrb9Byuzz855I=
github.com/aws/aws-sdk-go-v2/service/kinesis v1.2.1 h1:MXy6AyLlbBYypXEsmK94l9yGjKKtxNaD/jFzVVOsnYQ=
github.com/aws/aws-sdk-go-v2/service/kinesis v1.2.1/go.mod h1:ZdVDeEkxSDTPYDtb8kVxXzyOSBkAQVXCA9fanM45a/c=
github.com/aws/aws-sdk-go-v2/service/kinesisanalytics v1.1.4 h1:3+ZEih+xtz8Fcqb8ZYwBCVaM8ZtK0WocL40B26yhrfQ=
github.com/aws/aws-sdk-go-v2/service/kinesisanalytics v1.1.4/go.mod h1:hTyovby5q34j374msk5N3EecGrrMQSZ3O/EQzrRmrOM=
github.com/aws/aws-sdk-go-v2/service/kinesisvideo v1.1.4 h1:tWOm70WscxPN/cpQ3FfX12lLl3O/k47033DJuOkPRPM=
github.com/aws/aws-sdk-go-v2/service/kinesisvideo v1.1.4/go.mod h1:gdHJcmtEqppKm5+nI3gyJkIU5CnHAsetc2lZO5vUqEE=
github.com/aws/aws-sdk-go-v2/service/kms v1.2.1 h1:X77wgZdglt2hU9zZS3DufyJiR4ZGW4F5x72OauDMSsM=
github.com/aws/aws-sdk-go-v2/service/kms v1.2.1/go.mod h1:VJL8/fcYPX11A7hdOPAXtzU6+yDifhKW5MgwaA6HIwY=
github.com/aws/aws-sdk-go-v2/service/lambda v1.2.1 h1:U1AhnZgIHWCh6kIXuq6RkTptzU6szpDHjRbrA7g+99s=
github.com/aws/aws-sdk-go-v2/service/lambda v1.2.1/go.mod h1:lczLef9EKYeQQ23eksYHU/Qf8j+66FSlX+g+15ZEP+k=
github.com/aws/aws-sdk-go-v2/service/lightsail v1.2.1 h1:KtqKLszWLiVi9BkFtXNKzhJJiaQKYWwS34/fNRFjCJ4=
github.com/aws/aws-sdk-go-v2/service/lightsail v1.2.1/go.mod h1:7rcU+rFxjIN9zHyc1WhcVviu1bA6GGTyWQjLzZKsG7M=
github.com/aws/aws-sdk-go-v2/service/machinelearning v1.3.0 h1:BJNr8yViaL0KdQgbmy7JRv+igxKAnQfPdaxg6OPmykM=
github.com/aws/aws-sdk-go-v2/service/machinelearning v1.3.0/go.mod h1:5HweB0hmhPWBi6z9rMTyNv9zhzkIMM1c01y44ugHhWU=
github.com/aws/aws-sdk-go-v2/service/macie v1.2.1 h1:mztaducFFYst6lgq5jTzKcsvIxAxjZ0ClcIMIKYadE0=
github.com/aws/aws-sdk-go-v2/service/macie v1.2.1/go.mod h1:GfQ3yKXXIIKPtJAHIbhoIhG7wzkzc/Ay5AUs3qKypJM=
github.com/aws/aws-sdk-go-v2/service/mediaconnect v1.2.1 h1:4oztZA8BxgDdy2PqjlVv5dJIcAhPKe2epVr0I1tKrQg=
github.com/aws/aws-sdk-go-v2/service/mediaconnect v1.2.1/go.mod h1:s5oYpOImXaX0s372mu9S75ntpUArAxbUHtjWnLxqR2U=
github.com/aws/aws-sdk-go-v2/service/mediaconvert v1.2.1 h1:BJt4hXiZxFl06KKiM0NrModBhNAxeVPgCYQAuPau3uw=
github.com/aws/aws-sdk-go-v2/service/mediaconvert v1.2.1/go.mod h1:2DQ6LFGDMmtgZLfUn4jz//9GN+JkWknaj/KxWbPELDA=
github.com/aws/aws-sdk-go-v2/service/medialive v1.3.0 h1:NFYyYF/VWJd4qc5+tLACVBxx/4mLE0dqHw0J+ccKNrM=
github.com/aws/aws-sdk-go-v2/service/medialive v1.3.0/go.mod h1:fX5nUlifozxBmD4/5SfSg6SL4LWog8s4p+TzrKZixIE=
github.com/aws/aws-sdk-go-v2/service/mediapackage v1.2.1 h1:/NgTgipY3ADAqLp18q1dDomqHYULUrcD3v3XGdqIhT8=
github.com/aws/aws-sdk-go-v2/service/mediapackage v1.2.1/go.mod h1:S3JR8Z73bcaBwD1ddXzMcEkR1FFptmmY9pbsmCVWfn0=
github.com/aws/aws-sdk-go-v2/service/mediastore v1.1.4 h1:7ho72LnawdmIm8J8KdkLoLWgcsqLcS8oKBDuT3005wg=
github.com/aws/aws-sdk-go-v2/service/mediastore v1.1.4/go.mod h1:kXoBJPOMmUdpMEqWUhEPolBoycGzLGUHS5a/mL1+y1k=
github.com/aws/aws-sdk-go-v2/service/mediatailor v1.2.1 h1:CKlduZwqNaG/b4AhjdTCe94DyVs7xOf6o5/ypbnOL5M=
github.com/aws/aws-sdk-go-v2/service/mediatailor v1.2.1/go.mod h1:UHDbnNtfrCQd44LGCp+pvTsGFQ+upmI02o+8xVQ/fNs=
github.com/aws/aws-sdk-go-v2/service/mobile v1.1.4 h1:vFln2csvHf4WLzNOWz4ipbPzVX0h1eWwZ8AsxjVmOEk=
github.com/aws/aws-sdk-go-v2/service/mobile v1.1.4/go.mod h1:H1Gg3hBwqnHYyOLWL7wwkdZmPYaOT7exx6+riLzGXmE=
github.com/aws/aws-sdk-go-v2/service/mq v1.1.4 h1:j4D4AfYPQxA6lSwozj59RR96DAd2+H7jX9l8qML/RQM=
github.com/aws/aws-sdk-go-v2/service/mq v1.1.4/go.mod h1:ZQZbB/43oplbGYJw0R1wf6V7ukrOwbWmYFUx5kFmFQs=
github.com/aws/aws-sdk-go-v2/service/opsworks v1.2.1 h1:IO7VrzPWU0y8Zv7eS28H5lbhl40SND58IAKR+jrMdy8=
github.com/aws/aws-sdk-go-v2/service/opsworks v1.2.1/go.mod h1:Q/5tmZPs9IBo+wivcBWnPaWlOuCf0Q49ERxEvh2RzMg=
github.com/aws/aws-sdk-go-v2/service/organizations v1.2.1 h1:TvDVD1mBXP60NIHrqbP8uuzTf4vu48HlOm5jtoQQcW0=
github.com/aws/aws-sdk-go-v2/service/organizations v1.2.1/go.mod h1:iy7PhC7Wxk3aRePrvaUU7ngXjcAedbTBeKYAYVhnvfI=
github.com/aws/aws-sdk-go-v2/service/pinpoint v1.3.0 h1:KYqwfNZ1mNR2Fk+j9I3+k+HVGEqVpplIJjoaOnQrrH8=
github.com/aws/aws-sdk-go-v2/service/pinpoint v1.3.0/go.mod h1:3AKvj9mJfq9iUNPjK9j/2QmX1UWSG33ZwDDrtlZ2WKM=
github.com/aws/aws-sdk-go-v2/service/polly v1.1.4 h1:XIGUxdZS9FbPX2obj+MzQBKrGKFuhNt6Xwh042yN7+o=
github.com/aws/aws-sdk-go-v2/service/polly v1.1.4/go.mod h1:gpK0hSfdCtIi/FqrxHmfl6sDmNi4lVfSoF1PDaro474=
github.com/aws/aws-sdk-go-v2/service/pricing v1.3.0 h1:joT6DC/wWGJoTGu6os36FrZg093WJXOvPPX7kvXGmZA=
github.com/aws/aws-sdk-go-v2/service/pricing v1.3.0/go.mod h1:sEHV+uECzaOIj5GIJpSjsvin0nxXGasz7FgJm4gMoPk=
github.com/aws/aws-sdk-go-v2/service/ram v1.2.1 h1:aU5wjc6/Xj/KmJX0tH6VHRvlFFNKpxGVsRkwkcyK9CU=
github.com/aws/aws-sdk-go-v2/service/ram v1.2.1/go.mod h1:H/JwDTgOajeQz30mi0GjPvhmPQ1p9wpeEGObDFobNGI=
github.com/aws/aws-sdk-go-v2/service/rds v1.2.1 h1:nh6V70gwG0bE6Ocz34rg5VZvmthKuDSa785CBpvY2g8=
github.com/aws/aws-sdk-go-v2/service/rds v1.2.1/go.mod h1:QQ6pD2d3AUbZblcKzZ5aJ58mMMfcofx2j8KAXcHe8rg=
github.com/aws/aws-sdk-go-v2/service/redshift v1.3.0 h1:Eiv449szSm77R2AFB8Up0oW3DGJTuaICBkOwptibmfQ=
github.com/aws/aws-sdk-go-v2/service/redshift v1.3.0/go.mod h1:FSg9SNvu62Ac+jjWjTS7R/mmtXj9zl6nXwacwDGxK0s=
github.com/aws/aws-sdk-go-v2/service/rekognition v1.3.0 h1:1+mSXr9v1G462XDMbGYMeZkrBODCEYAsQ6ylbkx0uuk=
github.com/aws/aws-sdk-go-v2/service/rekognition v1.3.0/go.mod h1:3JG7w8GPo2c43KOz2+NH7MTacZ2NspE+hCeS12DcK3U=
github.com/aws/aws-sdk-go-v2/service/robomaker v1.2.1 h1:wRlJAb1iGLhOjZUTiPzuTnuQ2B1LyE/BLtIEhH4jjM0=
github.com/aws/aws-sdk-go-v2/service/robomaker v1.2.1/go.mod h1:0bt4h3SYU6vaHbPI85+BdZHwrNULH3O4SNW3wYnhU8A=
github.com/aws/aws-sdk-go-v2/service/route53 v1.3.0 h1:uwKwx0iSdZyIwQmsMPtAoBjlRC1lFUAhx2c6HGWjfPM=
github.com/aws/aws-sdk-go-v2/service/route53 v1.3.0/go.mod h1:vwPNxNmptQ70lgw8W4EzuHKCygDpVvhjJ/Xri8cnF80=
github.com/aws/aws-sdk-go-v2/service/route53domains v1.1.4 h1:58BznccDxmfO4s499bHf80aaQZNwiWVAXDTxhkMUaBg=
github.com/aws/aws-sdk-go-v2/service/route53domains v1.1.4/go.mod h1:3BYq6Mn84r6Aw7CBy6wAF+MNE4jyr9q4uwVMLihkOFA=
github.com/aws/aws-sdk-go-v2/service/route53resolver v1.2.1 h1:BzXCrdOnD1N7CAxm9zTTKKwYvyWJIh83YZqQktJWFws=
github.com/aws/aws-sdk-go-v2/service/route53resolver v1.2.1/go.mod h1:4viSA3gDsj3ESCHUWiR0SkRW6LK/4261rmJLaPfEt1c=
github.com/aws/aws-sdk-go-v2/service/s3 v1.4.0 h1:045tK3IL+TxOSWWQyG199A0BYJ/Yhgk8XV9xo+nQkLQ=
github.com/aws/aws-sdk-go-v2/service/s3 v1.4.0/go.mod h1:zFD4go1gW0I/WxeGfCNSsz/BnZSJyu5arLPMPnw0gvQ=
github.com/aws/aws-sdk-go-v2/service/sagemaker v1.3.0 h1:qPkVtYSSqSk74C/nqgySjXxDQppfb8E4fi51Cp0bekY=
github.com/aws/aws-sdk-go-v2/service/sagemaker v1.3.0/go.mod h1:WkC5JCt449oFeQmtbWv8uGG6AmaP4pWrQJzSGXu3gho=
github.com/aws/aws-sdk-go-v2/service/secretsmanager v1.2.1 h1:g5UomfutRdIkbsqdGr4XyuVyTZM+sp7ySmnoU8zai9s=
github.com/aws/aws-sdk-go-v2/service/secretsmanager v1.2.1/go.mod h1:5UqHs6oUHhBRimgTAWZJ1uXa+A8QFLbOCi5yRZxLQAs=
github.com/aws/aws-sdk-go-v2/service/securityhub v1.2.1 h1:qZplAHGJFl16wbZAWEnP73dzATdJDBly6ccPfeSeffc=
github.com/aws/aws-sdk-go-v2/service/securityhub v1.2.1/go.mod h1:SI3V2iXBWczkoetsurbZjbTNv2rCJihbo5APtlDLbCQ=
github.com/aws/aws-sdk-go-v2/service/servicecatalog v1.2.1 h1:/FTF3YGI/WxRnRKhruU1nyhR/gzgfYP0kQF7yIaqEjU=
github.com/aws/aws-sdk-go-v2/service/servicecatalog v1.2.1/go.mod h1:bivtoAQvh328aJFiY3+h4lQpyv9kPjJAP/y/PCQbnVY=
github.com/aws/aws-sdk-go-v2/service/shield v1.2.1 h1:2K2rtKrNrvrVp2bUtY6sTiB8qwRB0/ibzsSTgi4dptI=
github.com/aws/aws-sdk-go-v2/service/shield v1.2.1/go.mod h1:IDdbDkyMfkRaZ8v7vjOMktOP5qfXWHdNVjQEB+IDE/8=
github.com/aws/aws-sdk-go-v2/service/signer v1.2.1 h1:uuWmJyQSVT7gWYNf1aLlfWsnGCUW47R4HryCkPlMTlw=
github.com/aws/aws-sdk-go-v2/service/signer v1.2.1/go.mod h1:+gVW6mpCRIrOf5i59zwn3blK6mWB0LMoLBLGz9npCl4=
github.com/aws/aws-sdk-go-v2/service/sms v1.1.4 h1:D/YzXwT30LavDXfgGAiIPqosEM6TBbtccctqmRm7/K8=
github.com/aws/aws-sdk-go-v2/service/sms v1.1.4/go.mod h1:lI/4btGH3c2CC6bfmPyZids6lQQTLYEBoP7MRgzYszM=
github.com/aws/aws-sdk-go-v2/service/snowball v1.2.1 h1:QhXuQ1t+053KKanw3I+mA3wQYXAGngpx/LuPvzBU//o=
github.com/aws/aws-sdk-go-v2/service/snowball v1.2.1/go.mod h1:ovFWP8NHIdZOAhItjiYaI1tjP3++y2sj+mxdTD2mjFo=
github.com/aws/aws-sdk-go-v2/service/sns v1.2.1 h1:IVHrunoAsIp1OV445PE84mM+WArZChXrxNbFIx4uAWQ=
github.com/aws/aws-sdk-go-v2/service/sns v1.2.1/go.mod h1:23FVJ4I/AHqbkh4vMa1Cz6/vXMCuMLPkU9Pi4RCFgxk=
github.com/aws/aws-sdk-go-v2/service/sqs v1.3.0 h1:iePzn4Gr4p5QKat3G7snhUvopc/lOj25ZiPJ4/PPzq8=
github.com/aws/aws-sdk-go-v2/service/sqs v1.3.0/go.mod h1:9bo6m/Pes+TR6ORT97E1BkczbSgbpKB1qTyFt08s9yw=
github.com/aws/aws-sdk-go-v2/service/ssm v1.3.0 h1:0swJm4MqIjN1v1tM9GQ8hGv+KXv4smEiftpAXg84aZg=
github.com/aws/aws-sdk-go-v2/service/ssm v1.3.0/go.mod h1:WX5OhauvURAo0+ljp29uEIitBkt3+Y3RGnVa9ix2xc8=
github.com/aws/aws-sdk-go-v2/service/sso v1.1.3 h1:NVLHdz3KtZhCrX0GWZKpdINKuDh7PsaZ8Vsr4OxP88s=
github.com/aws/aws-sdk-go-v2/service/sso v1.1.3/go.mod h1:F1l5lKzDzoY3/0cFbB3AA/ey9MsNiH5rhf6HOssy1/Q=
github.com/aws/aws-sdk-go-v2/service/sso v1.1.4 h1:Tr/SsFDXWN8rntdzTNrDs/MvuBXRCjY6xvJrPFUPKRM=
github.com/aws/aws-sdk-go-v2/service/sso v1.1.4/go.mod h1:yQayEbOWH75NaKFylsFocBc3yanYEGndlOaH4i/Lvno=
github.com/aws/aws-sdk-go-v2/service/storagegateway v1.1.4 h1:NAs1Q7ONLoXb4ns06M11Cu8kitN1cBVFeWWl/ltvSmQ=
github.com/aws/aws-sdk-go-v2/service/storagegateway v1.1.4/go.mod h1:pSHXnfSdRGGBhFpXrPKTSCViSvrlhzbyf5saOtbMXLA=
github.com/aws/aws-sdk-go-v2/service/sts v1.2.0 h1:fGo3atNqTj3SOu1VKb52BUzRcYOhrpJ1wHrzTuMs+QA=
github.com/aws/aws-sdk-go-v2/service/sts v1.2.0/go.mod h1:iGyHChDhzbddWEbC/+g/mT3z+A2JTJthcw+8QubXSgk=
github.com/aws/aws-sdk-go-v2/service/sts v1.2.1 h1:1koRvKlZMN+FhTGV5f4q6vRHXNJzeZlPKzbs1/Y32Kg=
github.com/aws/aws-sdk-go-v2/service/sts v1.2.1/go.mod h1:L1LH5nHMXxdkKj057ZUx7Wi50CCrkZ+9jkTnBnY2j/w=
github.com/aws/aws-sdk-go-v2/service/support v1.1.4 h1:vLq5jr/FPU8Lfrxh2CB6pyWJv4fqWZS0+9tfCfLGqXw=
github.com/aws/aws-sdk-go-v2/service/support v1.1.4/go.mod h1:ygUZwdHF14zl0vR7HcqYWKpwtl7asuFBFUyqht9EWL0=
github.com/aws/aws-sdk-go-v2/service/transcribe v1.2.0 h1:6LIPo57QHjv09Yz8Jgipkmz+7d2NkdvNPUxwaho14S4=
github.com/aws/aws-sdk-go-v2/service/transcribe v1.2.0/go.mod h1:8fVRiNeaB8pKvNAtfM36KrlMlOicD2FGzqQXS0v0Aa8=
github.com/aws/aws-sdk-go-v2/service/transfer v1.2.1 h1:v/6bx+zqeKaMRJv+tcJ/1vMjrwXTMLWIMjsnGUFTdzU=
github.com/aws/aws-sdk-go-v2/service/transfer v1.2.1/go.mod h1:oYvanEiB6oIDUuniw8dTFCwYCQUvMzafr2pJtBWoaIk=
github.com/aws/aws-sdk-go-v2/service/translate v1.1.4 h1:H3UpWG0SYq+pl/7LuX0UuLvTnGH9TR5FtWHzUHgAw9Q=
github.com/aws/aws-sdk-go-v2/service/translate v1.1.4/go.mod h1:MJFm+XFq2c2DQ1Oy7PrNmknWNYAlLlO+NYgV79oKJ/M=
github.com/aws/aws-sdk-go-v2/service/waf v1.1.4 h1:Wh0YMwF394A9eBC8Pv8Uxk6CBx9KTWmoqyflQIBx6DU=
github.com/aws/aws-sdk-go-v2/service/waf v1.1.4/go.mod h1:Ujifac0yyu5RLw3cPCGua50uHnsjiJo9LAhXEJZ+tVk=
github.com/aws/aws-sdk-go-v2/service/workdocs v1.1.4 h1:vbJ6fJhTdIMMcpOEclGpZsvqIjU4KF5DDAYEx0UgFf0=
github.com/aws/aws-sdk-go-v2/service/workdocs v1.1.4/go.mod h1:gLGVTqPzRx9wRFEu5S+OGWJWAkMbi4w1Ojt5eVmJjf0=
github.com/aws/aws-sdk-go-v2/service/worklink v1.1.4 h1:WvkzxOG0TjqioXXtmEz/ZR7gic16hFZYSVw0f8MckAs=
github.com/aws/aws-sdk-go-v2/service/worklink v1.1.4/go.mod h1:MN2syLXOwAwhBFBKToIlNAPvqgaxfsybVEo5fMHUFAw=
github.com/aws/aws-sdk-go-v2/service/workmail v1.2.0 h1:LLnWufOy+Ne+ZfRwL3gJ9f44lSFwA6UrmXxH3R2caF8=
github.com/aws/aws-sdk-go-v2/service/workmail v1.2.0/go.mod h1:2MxZF3RaykedHX8GDaDOI0fnvHtc9xFFM2hYO9gOhJg=
github.com/aws/aws-sdk-go-v2/service/workspaces v1.2.1 h1:hSzpp50D6D37eIELSSpYwJ75e8XL9bvTzjspZgt4+5A=
github.com/aws/aws-sdk-go-v2/service/workspaces v1.2.1/go.mod h1:8k9EEz8LMNPUDENPlW0laaQkAZC2TbEYF+XNUu1lFLk=
github.com/aws/aws-sdk-go-v2/service/xray v1.2.1 h1:RiTWbH90tIuJNnZZys9HeqBfpT3oSPulh7fM7anPQiY=
github.com/aws/aws-sdk-go-v2/service/xray v1.2.1/go.mod h1:MZS769M8/1Xm4XYQydDJbvugo7dG8fXzsVU3J84QXzY=
github.com/aws/smithy-go v1.2.0 h1:0PoGBWXkXDIyVdPaZW9gMhaGzj3UOAgTdiVoHuuZAFA=
github.com/aws/smithy-go v1.2.0/go.mod h1:SObp3lf9smib00L/v3U2eAKG8FyQ7iLrJnQiAmR5n+E=
github.com/aws/smithy-go v1.3.0 h1:awbB2OJBZ/Txj+c4q+qhDQs3Ob0sRhBuIIkOD4Aq8yc=
github.com/aws/smithy-go v1.3.0/go.mod h1:SObp3lf9smib00L/v3U2eAKG8FyQ7iLrJnQiAmR5n+E=
github.com/davecgh/go-spew v1.1.0/go.mod h1:J7Y8YcW2NihsgmVo/mv3lAwl/skON4iLHjSsI+c5H38=
github.com/fatih/color v1.10.0 h1:s36xzo75JdqLaaWoiEHk767eHiwo0598uUxyfiPkDsg=
github.com/fatih/color v1.10.0/go.mod h1:ELkj/draVOlAH/xkhN6mQ50Qd0MPOk5AAr3maGEBuJM=
github.com/google/go-cmp v0.5.4/go.mod h1:v8dTdLbMG2kIc/vJvl+f65V22dbkXbowE6jgT/gNBxE=
github.com/jmespath/go-jmespath v0.4.0 h1:BEgLn5cpjn8UN1mAw4NjwDrS35OdebyEtFe+9YPoQUg=
github.com/jmespath/go-jmespath v0.4.0/go.mod h1:T8mJZnbsbmF+m6zOOFylbeCJqk5+pHWvzYPziyZiYoo=
github.com/jmespath/go-jmespath/internal/testify v1.5.1/go.mod h1:L3OGu8Wl2/fWfCI6z80xFu9LTZmf1ZRjMHUOPmWr69U=
github.com/joho/godotenv v1.3.0 h1:Zjp+RcGpHhGlrMbJzXTrZZPrWj+1vfm90La1wgB6Bhc=
github.com/joho/godotenv v1.3.0/go.mod h1:7hK45KPybAkOC6peb+G5yklZfMxEjkZhHbwpqxOKXbg=
github.com/mattn/go-colorable v0.1.8 h1:c1ghPdyEDarC70ftn0y+A/Ee++9zz8ljHG1b13eJ0s8=
github.com/mattn/go-colorable v0.1.8/go.mod h1:u6P/XSegPjTcexA+o6vUJrdnUu04hMope9wVRipJSqc=
github.com/mattn/go-isatty v0.0.12 h1:wuysRhFDzyxgEmMf5xjvJ2M9dZoWAXNNr5LSBS7uHXY=
github.com/mattn/go-isatty v0.0.12/go.mod h1:cbi8OIDigv2wuxKPP5vlRcQ1OAZbq2CE4Kysco4FUpU=
github.com/pkg/errors v0.9.1/go.mod h1:bwawxfHBFNV+L2hUp1rHADufV3IMtnDRdf1r5NINEl0=
github.com/pmezard/go-difflib v1.0.0/go.mod h1:iKH77koFhYxTK1pcRnkKkqfTogsbg7gZNVY4sRDYZ/4=
github.com/stretchr/objx v0.1.0/go.mod h1:HFkY916IF+rwdDfMAkV7OtwuqBVzrE8GR6GFx+wExME=
github.com/wayneashleyberry/terminal-dimensions v1.0.0 h1:LawtS1nqKjAfqrmKOzkcrDLAjSzh38lEhC401JPjQVA=
github.com/wayneashleyberry/terminal-dimensions v1.0.0/go.mod h1:PW2XrtV6KmKOPhuf7wbtcmw1/IFnC39mryRET2XbxeE=
golang.org/x/crypto v0.0.0-20190308221718-c2843e01d9a2/go.mod h1:djNgcEr1/C05ACkg1iLfiJU5Ep61QUkGW8qpdssI0+w=
golang.org/x/crypto v0.0.0-20200622213623-75b288015ac9/go.mod h1:LzIPMQfyMNhhGPhUkYOs5KpL4U8rLKemX1yGLhDgUto=
golang.org/x/net v0.0.0-20190404232315-eb5bcb51f2a3/go.mod h1:t9HGtf8HONx5eT2rtn7q6eTqICYqUVnKs3thJo3Qplg=
golang.org/x/net v0.0.0-20201110031124-69a78807bb2b/go.mod h1:sp8m0HH+o8qH0wwXwYZr8TS3Oi6o0r6Gce1SSxlDquU=
golang.org/x/sys v0.0.0-20190215142949-d0b11bdaac8a/go.mod h1:STP8DvDyc/dI5b8T5hshtkjS+E42TnysNCUPdjciGhY=
golang.org/x/sys v0.0.0-20190412213103-97732733099d/go.mod h1:h1NjWce9XRLGQEsW7wpKNCjG9DtNlClVuFLEZdDNbEs=
golang.org/x/sys v0.0.0-20200116001909-b77594299b42/go.mod h1:h1NjWce9XRLGQEsW7wpKNCjG9DtNlClVuFLEZdDNbEs=
golang.org/x/sys v0.0.0-20200223170610-d5e6a3e2c0ae h1:/WDfKMnPU+m5M4xB+6x4kaepxRw6jWvR5iDRdvjHgy8=
golang.org/x/sys v0.0.0-20200223170610-d5e6a3e2c0ae/go.mod h1:h1NjWce9XRLGQEsW7wpKNCjG9DtNlClVuFLEZdDNbEs=
golang.org/x/sys v0.0.0-20200930185726-fdedc70b468f h1:+Nyd8tzPX9R7BWHguqsrbFdRx3WQ/1ib8I44HXV5yTA=
golang.org/x/sys v0.0.0-20200930185726-fdedc70b468f/go.mod h1:h1NjWce9XRLGQEsW7wpKNCjG9DtNlClVuFLEZdDNbEs=
golang.org/x/text v0.3.0/go.mod h1:NqM8EUOU14njkJ3fqMW+pc6Ldnwhi/IjpwHt7yyuwOQ=
golang.org/x/text v0.3.3/go.mod h1:5Zoc/QRtKVWzQhOtBMvqHzDpF6irO9z98xDceosuGiQ=
golang.org/x/tools v0.0.0-20180917221912-90fa682c2a6e/go.mod h1:n7NCudcB/nEzxVGmLbDWY5pfWTLqBcC2KZ6jyYvM4mQ=
golang.org/x/xerrors v0.0.0-20191204190536-9bdfabe68543/go.mod h1:I/5z698sn9Ka8TeJc9MKroUUfqBBauWjQqLJ2OPfmY0=
gopkg.in/check.v1 v0.0.0-20161208181325-20d25e280405/go.mod h1:Co6ibVJAznAaIkqp8huTwlJQCZ016jof/cbN4VW5Yz0=
gopkg.in/yaml.v2 v2.2.8/go.mod h1:hI93XBmqTisBFMUTm0b8Fm+jr3Dg1NNxqwp+5A1VGuI=
